
Microsoft Visual Studio Solution File, Format Version 12.00
# Visual Studio Version 17
VisualStudioVersion = 17.5.002.0
MinimumVisualStudioVersion = 10.0.40219.1
Project("{9A19103F-16F7-4668-BE54-9A1E7A4F7556}") = "TaxiFleetManager", "TaxiFleetManager.csproj", "{1DA07DE2-10D8-4C62-AEB2-F96404837C25}"
EndProject
Global
	GlobalSection(SolutionConfigurationPlatforms) = preSolution
		Debug|Any CPU = Debug|Any CPU
		Release|Any CPU = Release|Any CPU
	EndGlobalSection
	GlobalSection(ProjectConfigurationPlatforms) = postSolution
		{1DA07DE2-10D8-4C62-AEB2-F96404837C25}.Debug|Any CPU.ActiveCfg = Debug|Any CPU
		{1DA07DE2-10D8-4C62-AEB2-F96404837C25}.Debug|Any CPU.Build.0 = Debug|Any CPU
		{1DA07DE2-10D8-4C62-AEB2-F96404837C25}.Release|Any CPU.ActiveCfg = Release|Any CPU
		{1DA07DE2-10D8-4C62-AEB2-F96404837C25}.Release|Any CPU.Build.0 = Release|Any CPU
	EndGlobalSection
	GlobalSection(SolutionProperties) = preSolution
		HideSolutionNode = FALSE
	EndGlobalSection
	GlobalSection(ExtensibilityGlobals) = postSolution
		SolutionGuid = {DF3DA4BB-AD04-47F9-BB39-F188F4A618F9}
	EndGlobalSection
EndGlobal
